
Microsoft Visual Studio Solution File, Format Version 12.00
# Visual Studio Version 17
VisualStudioVersion = 17.0.31919.166
MinimumVisualStudioVersion = 10.0.40219.1
Project("{FAE04EC0-301F-11D3-BF4B-00C04F79EFBC}") = "Laundry", "Laundry\Laundry.csproj", "{10EFE8E9-D0DB-47A2-AC73-9437103445B9}"
EndProject
Global
	GlobalSection(SolutionConfigurationPlatforms) = preSolution
		Debug|Any CPU = Debug|Any CPU
		Release|Any CPU = Release|Any CPU
	EndGlobalSection
	GlobalSection(ProjectConfigurationPlatforms) = postSolution
		{10EFE8E9-D0DB-47A2-AC73-9437103445B9}.Debug|Any CPU.ActiveCfg = Debug|Any CPU
		{10EFE8E9-D0DB-47A2-AC73-9437103445B9}.Debug|Any CPU.Build.0 = Debug|Any CPU
		{10EFE8E9-D0DB-47A2-AC73-9437103445B9}.Release|Any CPU.ActiveCfg = Release|Any CPU
		{10EFE8E9-D0DB-47A2-AC73-9437103445B9}.Release|Any CPU.Build.0 = Release|Any CPU
	EndGlobalSection
	GlobalSection(SolutionProperties) = preSolution
		HideSolutionNode = FALSE
	EndGlobalSection
	GlobalSection(ExtensibilityGlobals) = postSolution
		SolutionGuid = {D8280D91-04BB-4027-A2EE-D6569ED1C9A6}
	EndGlobalSection
EndGlobal
